
Microsoft Visual Studio Solution File, Format Version 10.00
# Visual Studio 2008
Project("{8BC9CEB8-8B4A-11D0-8D11-00A0C91BC942}") = "libzippylog", "libzippylog.vcproj", "{67A69A9D-8CEF-46AD-9C11-ECA78F007858}"
	ProjectSection(ProjectDependencies) = postProject
		{19AB4E62-FD90-4509-9985-E6FA42BFCBEB} = {19AB4E62-FD90-4509-9985-E6FA42BFCBEB}
		{D3B16BBC-6489-4B89-8B2E-3A0C12720C9A} = {D3B16BBC-6489-4B89-8B2E-3A0C12720C9A}
		{80CDDDD5-75FA-40E1-ADC8-8C820E485758} = {80CDDDD5-75FA-40E1-ADC8-8C820E485758}
	EndProjectSection
EndProject
Project("{8BC9CEB8-8B4A-11D0-8D11-00A0C91BC942}") = "zippylogd", "zippylogd.vcproj", "{1D3D8596-2ECD-4C39-8FD2-C7D5C40195A1}"
	ProjectSection(ProjectDependencies) = postProject
		{19AB4E62-FD90-4509-9985-E6FA42BFCBEB} = {19AB4E62-FD90-4509-9985-E6FA42BFCBEB}
		{67A69A9D-8CEF-46AD-9C11-ECA78F007858} = {67A69A9D-8CEF-46AD-9C11-ECA78F007858}
		{D3B16BBC-6489-4B89-8B2E-3A0C12720C9A} = {D3B16BBC-6489-4B89-8B2E-3A0C12720C9A}
		{80CDDDD5-75FA-40E1-ADC8-8C820E485758} = {80CDDDD5-75FA-40E1-ADC8-8C820E485758}
	EndProjectSection
EndProject
Project("{8BC9CEB8-8B4A-11D0-8D11-00A0C91BC942}") = "zippylog-test", "zippylog-test.vcproj", "{FB53A317-795A-4C3F-904D-DE6DCCD56B8A}"
	ProjectSection(ProjectDependencies) = postProject
		{19AB4E62-FD90-4509-9985-E6FA42BFCBEB} = {19AB4E62-FD90-4509-9985-E6FA42BFCBEB}
		{C8F6C172-56F2-4E76-B5FA-C3B423B31BE7} = {C8F6C172-56F2-4E76-B5FA-C3B423B31BE7}
		{67A69A9D-8CEF-46AD-9C11-ECA78F007858} = {67A69A9D-8CEF-46AD-9C11-ECA78F007858}
		{D3B16BBC-6489-4B89-8B2E-3A0C12720C9A} = {D3B16BBC-6489-4B89-8B2E-3A0C12720C9A}
		{80CDDDD5-75FA-40E1-ADC8-8C820E485758} = {80CDDDD5-75FA-40E1-ADC8-8C820E485758}
	EndProjectSection
EndProject
Project("{8BC9CEB8-8B4A-11D0-8D11-00A0C91BC942}") = "liblua", "liblua.vcproj", "{19AB4E62-FD90-4509-9985-E6FA42BFCBEB}"
EndProject
Project("{8BC9CEB8-8B4A-11D0-8D11-00A0C91BC942}") = "libprotobuf", "libprotobuf.vcproj", "{D3B16BBC-6489-4B89-8B2E-3A0C12720C9A}"
EndProject
Project("{8BC9CEB8-8B4A-11D0-8D11-00A0C91BC942}") = "libzmq", "libzmq.vcproj", "{80CDDDD5-75FA-40E1-ADC8-8C820E485758}"
EndProject
Project("{8BC9CEB8-8B4A-11D0-8D11-00A0C91BC942}") = "gtest", "gtest.vcproj", "{C8F6C172-56F2-4E76-B5FA-C3B423B31BE7}"
EndProject
Project("{8BC9CEB8-8B4A-11D0-8D11-00A0C91BC942}") = "zippylog_string_loader", "zippylog_string_writer.vcproj", "{85BF69AF-5921-42D1-BB8E-741FE87759FD}"
	ProjectSection(ProjectDependencies) = postProject
		{19AB4E62-FD90-4509-9985-E6FA42BFCBEB} = {19AB4E62-FD90-4509-9985-E6FA42BFCBEB}
		{67A69A9D-8CEF-46AD-9C11-ECA78F007858} = {67A69A9D-8CEF-46AD-9C11-ECA78F007858}
		{D3B16BBC-6489-4B89-8B2E-3A0C12720C9A} = {D3B16BBC-6489-4B89-8B2E-3A0C12720C9A}
		{80CDDDD5-75FA-40E1-ADC8-8C820E485758} = {80CDDDD5-75FA-40E1-ADC8-8C820E485758}
	EndProjectSection
EndProject
Project("{8BC9CEB8-8B4A-11D0-8D11-00A0C91BC942}") = "zippylogcat", "zippylogcat.vcproj", "{41285FC3-FD29-4FD0-BA1A-5A6BE7D825FA}"
	ProjectSection(ProjectDependencies) = postProject
		{19AB4E62-FD90-4509-9985-E6FA42BFCBEB} = {19AB4E62-FD90-4509-9985-E6FA42BFCBEB}
		{67A69A9D-8CEF-46AD-9C11-ECA78F007858} = {67A69A9D-8CEF-46AD-9C11-ECA78F007858}
		{D3B16BBC-6489-4B89-8B2E-3A0C12720C9A} = {D3B16BBC-6489-4B89-8B2E-3A0C12720C9A}
		{80CDDDD5-75FA-40E1-ADC8-8C820E485758} = {80CDDDD5-75FA-40E1-ADC8-8C820E485758}
	EndProjectSection
EndProject
Project("{8BC9CEB8-8B4A-11D0-8D11-00A0C91BC942}") = "zippylogbench", "zippylogbench.vcproj", "{87BF00C5-D319-478E-AE95-AFF1013C8BAA}"
	ProjectSection(ProjectDependencies) = postProject
		{19AB4E62-FD90-4509-9985-E6FA42BFCBEB} = {19AB4E62-FD90-4509-9985-E6FA42BFCBEB}
		{67A69A9D-8CEF-46AD-9C11-ECA78F007858} = {67A69A9D-8CEF-46AD-9C11-ECA78F007858}
		{D3B16BBC-6489-4B89-8B2E-3A0C12720C9A} = {D3B16BBC-6489-4B89-8B2E-3A0C12720C9A}
		{80CDDDD5-75FA-40E1-ADC8-8C820E485758} = {80CDDDD5-75FA-40E1-ADC8-8C820E485758}
	EndProjectSection
EndProject
Project("{8BC9CEB8-8B4A-11D0-8D11-00A0C91BC942}") = "zippylogclient", "zippylogclient.vcproj", "{66627099-7527-4025-B4E3-6C02D0FD3C55}"
	ProjectSection(ProjectDependencies) = postProject
		{19AB4E62-FD90-4509-9985-E6FA42BFCBEB} = {19AB4E62-FD90-4509-9985-E6FA42BFCBEB}
		{67A69A9D-8CEF-46AD-9C11-ECA78F007858} = {67A69A9D-8CEF-46AD-9C11-ECA78F007858}
		{D3B16BBC-6489-4B89-8B2E-3A0C12720C9A} = {D3B16BBC-6489-4B89-8B2E-3A0C12720C9A}
		{80CDDDD5-75FA-40E1-ADC8-8C820E485758} = {80CDDDD5-75FA-40E1-ADC8-8C820E485758}
	EndProjectSection
EndProject
Global
	GlobalSection(SolutionConfigurationPlatforms) = preSolution
		Debug|Win32 = Debug|Win32
		Release|Win32 = Release|Win32
		UnitTest|Win32 = UnitTest|Win32
	EndGlobalSection
	GlobalSection(ProjectConfigurationPlatforms) = postSolution
		{67A69A9D-8CEF-46AD-9C11-ECA78F007858}.Debug|Win32.ActiveCfg = Debug|Win32
		{67A69A9D-8CEF-46AD-9C11-ECA78F007858}.Debug|Win32.Build.0 = Debug|Win32
		{67A69A9D-8CEF-46AD-9C11-ECA78F007858}.Release|Win32.ActiveCfg = Release|Win32
		{67A69A9D-8CEF-46AD-9C11-ECA78F007858}.Release|Win32.Build.0 = Release|Win32
		{67A69A9D-8CEF-46AD-9C11-ECA78F007858}.UnitTest|Win32.ActiveCfg = Unittest|Win32
		{67A69A9D-8CEF-46AD-9C11-ECA78F007858}.UnitTest|Win32.Build.0 = Unittest|Win32
		{1D3D8596-2ECD-4C39-8FD2-C7D5C40195A1}.Debug|Win32.ActiveCfg = Debug|Win32
		{1D3D8596-2ECD-4C39-8FD2-C7D5C40195A1}.Debug|Win32.Build.0 = Debug|Win32
		{1D3D8596-2ECD-4C39-8FD2-C7D5C40195A1}.Release|Win32.ActiveCfg = Release|Win32
		{1D3D8596-2ECD-4C39-8FD2-C7D5C40195A1}.Release|Win32.Build.0 = Release|Win32
		{1D3D8596-2ECD-4C39-8FD2-C7D5C40195A1}.UnitTest|Win32.ActiveCfg = Debug|Win32
		{FB53A317-795A-4C3F-904D-DE6DCCD56B8A}.Debug|Win32.ActiveCfg = Debug|Win32
		{FB53A317-795A-4C3F-904D-DE6DCCD56B8A}.Release|Win32.ActiveCfg = Release|Win32
		{FB53A317-795A-4C3F-904D-DE6DCCD56B8A}.UnitTest|Win32.ActiveCfg = Unittest|Win32
		{FB53A317-795A-4C3F-904D-DE6DCCD56B8A}.UnitTest|Win32.Build.0 = Unittest|Win32
		{19AB4E62-FD90-4509-9985-E6FA42BFCBEB}.Debug|Win32.ActiveCfg = Debug|Win32
		{19AB4E62-FD90-4509-9985-E6FA42BFCBEB}.Debug|Win32.Build.0 = Debug|Win32
		{19AB4E62-FD90-4509-9985-E6FA42BFCBEB}.Release|Win32.ActiveCfg = Release|Win32
		{19AB4E62-FD90-4509-9985-E6FA42BFCBEB}.Release|Win32.Build.0 = Release|Win32
		{19AB4E62-FD90-4509-9985-E6FA42BFCBEB}.UnitTest|Win32.ActiveCfg = Debug|Win32
		{19AB4E62-FD90-4509-9985-E6FA42BFCBEB}.UnitTest|Win32.Build.0 = Debug|Win32
		{D3B16BBC-6489-4B89-8B2E-3A0C12720C9A}.Debug|Win32.ActiveCfg = Debug|Win32
		{D3B16BBC-6489-4B89-8B2E-3A0C12720C9A}.Debug|Win32.Build.0 = Debug|Win32
		{D3B16BBC-6489-4B89-8B2E-3A0C12720C9A}.Release|Win32.ActiveCfg = Release|Win32
		{D3B16BBC-6489-4B89-8B2E-3A0C12720C9A}.Release|Win32.Build.0 = Release|Win32
		{D3B16BBC-6489-4B89-8B2E-3A0C12720C9A}.UnitTest|Win32.ActiveCfg = Debug|Win32
		{D3B16BBC-6489-4B89-8B2E-3A0C12720C9A}.UnitTest|Win32.Build.0 = Debug|Win32
		{80CDDDD5-75FA-40E1-ADC8-8C820E485758}.Debug|Win32.ActiveCfg = Debug|Win32
		{80CDDDD5-75FA-40E1-ADC8-8C820E485758}.Debug|Win32.Build.0 = Debug|Win32
		{80CDDDD5-75FA-40E1-ADC8-8C820E485758}.Release|Win32.ActiveCfg = Release|Win32
		{80CDDDD5-75FA-40E1-ADC8-8C820E485758}.Release|Win32.Build.0 = Release|Win32
		{80CDDDD5-75FA-40E1-ADC8-8C820E485758}.UnitTest|Win32.ActiveCfg = Debug|Win32
		{80CDDDD5-75FA-40E1-ADC8-8C820E485758}.UnitTest|Win32.Build.0 = Debug|Win32
		{C8F6C172-56F2-4E76-B5FA-C3B423B31BE7}.Debug|Win32.ActiveCfg = Debug|Win32
		{C8F6C172-56F2-4E76-B5FA-C3B423B31BE7}.Release|Win32.ActiveCfg = Release|Win32
		{C8F6C172-56F2-4E76-B5FA-C3B423B31BE7}.UnitTest|Win32.ActiveCfg = Debug|Win32
		{C8F6C172-56F2-4E76-B5FA-C3B423B31BE7}.UnitTest|Win32.Build.0 = Debug|Win32
		{85BF69AF-5921-42D1-BB8E-741FE87759FD}.Debug|Win32.ActiveCfg = Debug|Win32
		{85BF69AF-5921-42D1-BB8E-741FE87759FD}.Debug|Win32.Build.0 = Debug|Win32
		{85BF69AF-5921-42D1-BB8E-741FE87759FD}.Release|Win32.ActiveCfg = Release|Win32
		{85BF69AF-5921-42D1-BB8E-741FE87759FD}.Release|Win32.Build.0 = Release|Win32
		{85BF69AF-5921-42D1-BB8E-741FE87759FD}.UnitTest|Win32.ActiveCfg = Debug|Win32
		{41285FC3-FD29-4FD0-BA1A-5A6BE7D825FA}.Debug|Win32.ActiveCfg = Debug|Win32
		{41285FC3-FD29-4FD0-BA1A-5A6BE7D825FA}.Debug|Win32.Build.0 = Debug|Win32
		{41285FC3-FD29-4FD0-BA1A-5A6BE7D825FA}.Release|Win32.ActiveCfg = Release|Win32
		{41285FC3-FD29-4FD0-BA1A-5A6BE7D825FA}.Release|Win32.Build.0 = Release|Win32
		{41285FC3-FD29-4FD0-BA1A-5A6BE7D825FA}.UnitTest|Win32.ActiveCfg = Debug|Win32
		{87BF00C5-D319-478E-AE95-AFF1013C8BAA}.Debug|Win32.ActiveCfg = Debug|Win32
		{87BF00C5-D319-478E-AE95-AFF1013C8BAA}.Debug|Win32.Build.0 = Debug|Win32
		{87BF00C5-D319-478E-AE95-AFF1013C8BAA}.Release|Win32.ActiveCfg = Release|Win32
		{87BF00C5-D319-478E-AE95-AFF1013C8BAA}.Release|Win32.Build.0 = Release|Win32
		{87BF00C5-D319-478E-AE95-AFF1013C8BAA}.UnitTest|Win32.ActiveCfg = Debug|Win32
		{66627099-7527-4025-B4E3-6C02D0FD3C55}.Debug|Win32.ActiveCfg = Debug|Win32
		{66627099-7527-4025-B4E3-6C02D0FD3C55}.Debug|Win32.Build.0 = Debug|Win32
		{66627099-7527-4025-B4E3-6C02D0FD3C55}.Release|Win32.ActiveCfg = Release|Win32
		{66627099-7527-4025-B4E3-6C02D0FD3C55}.Release|Win32.Build.0 = Release|Win32
		{66627099-7527-4025-B4E3-6C02D0FD3C55}.UnitTest|Win32.ActiveCfg = Debug|Win32
	EndGlobalSection
	GlobalSection(SolutionProperties) = preSolution
		HideSolutionNode = FALSE
	EndGlobalSection
EndGlobal
