
Microsoft Visual Studio Solution File, Format Version 10.00
# Visual Studio 2008
Project("{8BC9CEB8-8B4A-11D0-8D11-00A0C91BC942}") = "zippylog", "zippylog.vcproj", "{BDF2BD38-E750-462C-9305-C2F9B8EB90A7}"
EndProject
Project("{8BC9CEB8-8B4A-11D0-8D11-00A0C91BC942}") = "libzippylog", "libzippylog.vcproj", "{67A69A9D-8CEF-46AD-9C11-ECA78F007858}"
	ProjectSection(ProjectDependencies) = postProject
		{19AB4E62-FD90-4509-9985-E6FA42BFCBEB} = {19AB4E62-FD90-4509-9985-E6FA42BFCBEB}
		{D3B16BBC-6489-4B89-8B2E-3A0C12720C9A} = {D3B16BBC-6489-4B89-8B2E-3A0C12720C9A}
	EndProjectSection
EndProject
Project("{8BC9CEB8-8B4A-11D0-8D11-00A0C91BC942}") = "libzippylogd", "libzippylogd.vcproj", "{2A28D7E4-486E-45AE-BE38-E5CD017002A9}"
EndProject
Project("{8BC9CEB8-8B4A-11D0-8D11-00A0C91BC942}") = "zippylogd", "zippylogd.vcproj", "{1D3D8596-2ECD-4C39-8FD2-C7D5C40195A1}"
EndProject
Project("{8BC9CEB8-8B4A-11D0-8D11-00A0C91BC942}") = "zippylog-test", "zippylog-test.vcproj", "{FB53A317-795A-4C3F-904D-DE6DCCD56B8A}"
EndProject
Project("{8BC9CEB8-8B4A-11D0-8D11-00A0C91BC942}") = "liblua", "liblua.vcproj", "{19AB4E62-FD90-4509-9985-E6FA42BFCBEB}"
EndProject
Project("{8BC9CEB8-8B4A-11D0-8D11-00A0C91BC942}") = "libprotobuf", "libprotobuf.vcproj", "{D3B16BBC-6489-4B89-8B2E-3A0C12720C9A}"
EndProject
Global
	GlobalSection(SolutionConfigurationPlatforms) = preSolution
		Debug|Win32 = Debug|Win32
		Release|Win32 = Release|Win32
	EndGlobalSection
	GlobalSection(ProjectConfigurationPlatforms) = postSolution
		{BDF2BD38-E750-462C-9305-C2F9B8EB90A7}.Debug|Win32.ActiveCfg = Debug|Win32
		{BDF2BD38-E750-462C-9305-C2F9B8EB90A7}.Release|Win32.ActiveCfg = Release|Win32
		{67A69A9D-8CEF-46AD-9C11-ECA78F007858}.Debug|Win32.ActiveCfg = Debug|Win32
		{67A69A9D-8CEF-46AD-9C11-ECA78F007858}.Debug|Win32.Build.0 = Debug|Win32
		{67A69A9D-8CEF-46AD-9C11-ECA78F007858}.Release|Win32.ActiveCfg = Release|Win32
		{67A69A9D-8CEF-46AD-9C11-ECA78F007858}.Release|Win32.Build.0 = Release|Win32
		{2A28D7E4-486E-45AE-BE38-E5CD017002A9}.Debug|Win32.ActiveCfg = Debug|Win32
		{2A28D7E4-486E-45AE-BE38-E5CD017002A9}.Debug|Win32.Build.0 = Debug|Win32
		{2A28D7E4-486E-45AE-BE38-E5CD017002A9}.Release|Win32.ActiveCfg = Release|Win32
		{2A28D7E4-486E-45AE-BE38-E5CD017002A9}.Release|Win32.Build.0 = Release|Win32
		{1D3D8596-2ECD-4C39-8FD2-C7D5C40195A1}.Debug|Win32.ActiveCfg = Debug|Win32
		{1D3D8596-2ECD-4C39-8FD2-C7D5C40195A1}.Debug|Win32.Build.0 = Debug|Win32
		{1D3D8596-2ECD-4C39-8FD2-C7D5C40195A1}.Release|Win32.ActiveCfg = Release|Win32
		{1D3D8596-2ECD-4C39-8FD2-C7D5C40195A1}.Release|Win32.Build.0 = Release|Win32
		{FB53A317-795A-4C3F-904D-DE6DCCD56B8A}.Debug|Win32.ActiveCfg = Debug|Win32
		{FB53A317-795A-4C3F-904D-DE6DCCD56B8A}.Debug|Win32.Build.0 = Debug|Win32
		{FB53A317-795A-4C3F-904D-DE6DCCD56B8A}.Release|Win32.ActiveCfg = Release|Win32
		{FB53A317-795A-4C3F-904D-DE6DCCD56B8A}.Release|Win32.Build.0 = Release|Win32
		{19AB4E62-FD90-4509-9985-E6FA42BFCBEB}.Debug|Win32.ActiveCfg = Debug|Win32
		{19AB4E62-FD90-4509-9985-E6FA42BFCBEB}.Debug|Win32.Build.0 = Debug|Win32
		{19AB4E62-FD90-4509-9985-E6FA42BFCBEB}.Release|Win32.ActiveCfg = Release|Win32
		{19AB4E62-FD90-4509-9985-E6FA42BFCBEB}.Release|Win32.Build.0 = Release|Win32
		{D3B16BBC-6489-4B89-8B2E-3A0C12720C9A}.Debug|Win32.ActiveCfg = Debug|Win32
		{D3B16BBC-6489-4B89-8B2E-3A0C12720C9A}.Debug|Win32.Build.0 = Debug|Win32
		{D3B16BBC-6489-4B89-8B2E-3A0C12720C9A}.Release|Win32.ActiveCfg = Release|Win32
		{D3B16BBC-6489-4B89-8B2E-3A0C12720C9A}.Release|Win32.Build.0 = Release|Win32
	EndGlobalSection
	GlobalSection(SolutionProperties) = preSolution
		HideSolutionNode = FALSE
	EndGlobalSection
EndGlobal
